
Microsoft Visual Studio Solution File, Format Version 12.00
# Visual Studio Version 16
VisualStudioVersion = 16.0.31005.135
MinimumVisualStudioVersion = 10.0.40219.1
Project("{FAE04EC0-301F-11D3-BF4B-00C04F79EFBC}") = "IndexingTask", "IndexingTask\IndexingTask.csproj", "{14B5B3CB-C4DA-4C3C-90F1-1FC5017BB058}"
EndProject
Global
	GlobalSection(SolutionConfigurationPlatforms) = preSolution
		Debug|Any CPU = Debug|Any CPU
		Release|Any CPU = Release|Any CPU
	EndGlobalSection
	GlobalSection(ProjectConfigurationPlatforms) = postSolution
		{14B5B3CB-C4DA-4C3C-90F1-1FC5017BB058}.Debug|Any CPU.ActiveCfg = Debug|Any CPU
		{14B5B3CB-C4DA-4C3C-90F1-1FC5017BB058}.Debug|Any CPU.Build.0 = Debug|Any CPU
		{14B5B3CB-C4DA-4C3C-90F1-1FC5017BB058}.Release|Any CPU.ActiveCfg = Release|Any CPU
		{14B5B3CB-C4DA-4C3C-90F1-1FC5017BB058}.Release|Any CPU.Build.0 = Release|Any CPU
	EndGlobalSection
	GlobalSection(SolutionProperties) = preSolution
		HideSolutionNode = FALSE
	EndGlobalSection
	GlobalSection(ExtensibilityGlobals) = postSolution
		SolutionGuid = {BA5E59CB-3309-48BE-8DB1-C7FA3AF858C7}
	EndGlobalSection
EndGlobal
